PODS:
  - Alamofire (4.5.1)
  - ReactiveCocoa (7.0.1):
    - ReactiveSwift (~> 3.0)
  - ReactiveSwift (3.0.0):
    - Result (~> 3.2)
  - Result (3.2.4)

DEPENDENCIES:
  - Alamofire (~> 4.5.1)
  - ReactiveCocoa (~> 7.0.1)

SPEC CHECKSUMS:
  Alamofire: 2d95912bf4c34f164fdfc335872e8c312acaea4a
  ReactiveCocoa: a1b5d502d0d1534f9a72981a485b297b17127f83
  ReactiveSwift: d9fe0db33c1aaabecb092e8de83cf52875c0de6f
  Result: d2d07204ce72856f1fd9130bbe42c35a7b0fea10

PODFILE CHECKSUM: 4045cabe4c2155b668bdb8a7a3878a4ce7851c5c

COCOAPODS: 1.2.1
