PODS:
  - Alamofire (4.9.1)
  - IQKeyboardManagerSwift (6.5.4)
  - RxSwift (5.0.1)
  - SnapKit (4.2.0)
  - SwiftyJSON (5.0.0)

DEPENDENCIES:
  - Alamofire
  - IQKeyboardManagerSwift (~> 6.5.2)
  - RxSwift
  - SnapKit
  - SwiftyJSON

SPEC REPOS:
  https://github.com/CocoaPods/Specs.git:
    - Alamofire
    - IQKeyboardManagerSwift
    - RxSwift
    - SnapKit
    - SwiftyJSON

SPEC CHECKSUMS:
  Alamofire: 85e8a02c69d6020a0d734f6054870d7ecb75cf18
  IQKeyboardManagerSwift: 2dde0fc70110e8eac7ccce2a46fdbec6a850b414
  RxSwift: e2dc62b366a3adf6a0be44ba9f405efd4c94e0c4
  SnapKit: fe8a619752f3f27075cc9a90244d75c6c3f27e2a
  SwiftyJSON: 36413e04c44ee145039d332b4f4e2d3e8d6c4db7

PODFILE CHECKSUM: d2c4ca30c4ce1139a67a2374962e940d595a021e

COCOAPODS: 1.8.4
