// !$*UTF8*$!
{
	archiveVersion = 1;
	classes = {
	};
	objectVersion = 48;
	objects = {

/* Begin PBXBuildFile section */
		032417E6204D41EB0009741C /* ProductCategoryMainView.swift in Sources */ = {isa = PBXBuildFile; fileRef = 032417E5204D41EB0009741C /* ProductCategoryMainView.swift */; };
		032417E9204D47120009741C /* ShoppingCartMainView.swift in Sources */ = {isa = PBXBuildFile; fileRef = 032417E8204D47120009741C /* ShoppingCartMainView.swift */; };
		032DCDE21FD8F39C00A4F8EF /* PersonalViewController.swift in Sources */ = {isa = PBXBuildFile; fileRef = 032DCDE11FD8F39C00A4F8EF /* PersonalViewController.swift */; };
		032DCDE41FD8F3BB00A4F8EF /* LoginViewController.swift in Sources */ = {isa = PBXBuildFile; fileRef = 032DCDE31FD8F3BB00A4F8EF /* LoginViewController.swift */; };
		032DCDE61FD8F3CB00A4F8EF /* RegisterViewController.swift in Sources */ = {isa = PBXBuildFile; fileRef = 032DCDE51FD8F3CB00A4F8EF /* RegisterViewController.swift */; };
		032DCDEC1FD8F3ED00A4F8EF /* ForgotViewController.swift in Sources */ = {isa = PBXBuildFile; fileRef = 032DCDEB1FD8F3ED00A4F8EF /* ForgotViewController.swift */; };
		032DCDFA1FD8F48500A4F8EF /* ProductCategoryViewController.swift in Sources */ = {isa = PBXBuildFile; fileRef = 032DCDF91FD8F48500A4F8EF /* ProductCategoryViewController.swift */; };
		032DCDFC1FD8F49300A4F8EF /* ShoppingMainViewController.swift in Sources */ = {isa = PBXBuildFile; fileRef = 032DCDFB1FD8F49300A4F8EF /* ShoppingMainViewController.swift */; };
		032DCDFE1FD9145500A4F8EF /* Login.storyboard in Resources */ = {isa = PBXBuildFile; fileRef = 032DCDFD1FD9145500A4F8EF /* Login.storyboard */; };
		034A182A1FFB352B00603CED /* LoginView.swift in Sources */ = {isa = PBXBuildFile; fileRef = 034A18291FFB352B00603CED /* LoginView.swift */; };
		034A182C1FFB3ABD00603CED /* LoginVM.swift in Sources */ = {isa = PBXBuildFile; fileRef = 034A182B1FFB3ABD00603CED /* LoginVM.swift */; };
		034CF83B201586BE00133858 /* PersonalMainModel.swift in Sources */ = {isa = PBXBuildFile; fileRef = 034CF83A201586BE00133858 /* PersonalMainModel.swift */; };
		034CF83D201586EE00133858 /* PersonalMainView.swift in Sources */ = {isa = PBXBuildFile; fileRef = 034CF83C201586EE00133858 /* PersonalMainView.swift */; };
		034CF83F201586FE00133858 /* PersonalMainVM.swift in Sources */ = {isa = PBXBuildFile; fileRef = 034CF83E201586FE00133858 /* PersonalMainVM.swift */; };
		036EB9ED1FD29D060067A3C0 /* BaseView.swift in Sources */ = {isa = PBXBuildFile; fileRef = 036EB9EC1FD29D060067A3C0 /* BaseView.swift */; };
		036EB9EF1FD29D350067A3C0 /* BaseModel.swift in Sources */ = {isa = PBXBuildFile; fileRef = 036EB9EE1FD29D350067A3C0 /* BaseModel.swift */; };
		036EB9F11FD29D4E0067A3C0 /* BaseViewModel.swift in Sources */ = {isa = PBXBuildFile; fileRef = 036EB9F01FD29D4E0067A3C0 /* BaseViewModel.swift */; };
		036EB9F31FD29D740067A3C0 /* BaseTableViewCell.swift in Sources */ = {isa = PBXBuildFile; fileRef = 036EB9F21FD29D740067A3C0 /* BaseTableViewCell.swift */; };
		036EB9F51FD29D940067A3C0 /* BaseTableViewHeaderFooterView.swift in Sources */ = {isa = PBXBuildFile; fileRef = 036EB9F41FD29D940067A3C0 /* BaseTableViewHeaderFooterView.swift */; };
		036EB9F71FD29DA70067A3C0 /* BaseCollectionViewCell.swift in Sources */ = {isa = PBXBuildFile; fileRef = 036EB9F61FD29DA70067A3C0 /* BaseCollectionViewCell.swift */; };
		036EB9F91FD29DC40067A3C0 /* BaseButton.swift in Sources */ = {isa = PBXBuildFile; fileRef = 036EB9F81FD29DC40067A3C0 /* BaseButton.swift */; };
		036EB9FD1FD29E130067A3C0 /* appIcon@2x.png in Resources */ = {isa = PBXBuildFile; fileRef = 036EB9FB1FD29E130067A3C0 /* appIcon@2x.png */; };
		036EB9FE1FD29E130067A3C0 /* appIcon@3x.png in Resources */ = {isa = PBXBuildFile; fileRef = 036EB9FC1FD29E130067A3C0 /* appIcon@3x.png */; };
		036EBA611FD2AE680067A3C0 /* HomeDetailView.swift in Sources */ = {isa = PBXBuildFile; fileRef = 036EBA601FD2AE680067A3C0 /* HomeDetailView.swift */; };
		183599941F7A33FB00DA6114 /* HomeMainView.swift in Sources */ = {isa = PBXBuildFile; fileRef = 183599931F7A33FB00DA6114 /* HomeMainView.swift */; };
		186A73401F7CC5CA006A836F /* HomeDetailVC.swift in Sources */ = {isa = PBXBuildFile; fileRef = 186A733F1F7CC5CA006A836F /* HomeDetailVC.swift */; };
		18EF9EC51F7A259D0020347F /* AppDelegate.swift in Sources */ = {isa = PBXBuildFile; fileRef = 18EF9EC41F7A259D0020347F /* AppDelegate.swift */; };
		18EF9ECA1F7A259D0020347F /* Main.storyboard in Resources */ = {isa = PBXBuildFile; fileRef = 18EF9EC81F7A259D0020347F /* Main.storyboard */; };
		18EF9ECC1F7A259D0020347F /* Assets.xcassets in Resources */ = {isa = PBXBuildFile; fileRef = 18EF9ECB1F7A259D0020347F /* Assets.xcassets */; };
		18EF9ECF1F7A259D0020347F /* LaunchScreen.storyboard in Resources */ = {isa = PBXBuildFile; fileRef = 18EF9ECD1F7A259D0020347F /* LaunchScreen.storyboard */; };
		18EF9EDA1F7A259D0020347F /* CompanyProjectSwiftTests.swift in Sources */ = {isa = PBXBuildFile; fileRef = 18EF9ED91F7A259D0020347F /* CompanyProjectSwiftTests.swift */; };
		18EF9EE51F7A259D0020347F /* CompanyProjectSwiftUITests.swift in Sources */ = {isa = PBXBuildFile; fileRef = 18EF9EE41F7A259D0020347F /* CompanyProjectSwiftUITests.swift */; };
		18EF9F071F7A28430020347F /* BaseViewController.swift in Sources */ = {isa = PBXBuildFile; fileRef = 18EF9F061F7A28430020347F /* BaseViewController.swift */; };
		18EF9F091F7A288B0020347F /* BaseNavigationController.swift in Sources */ = {isa = PBXBuildFile; fileRef = 18EF9F081F7A288B0020347F /* BaseNavigationController.swift */; };
		18EF9F1F1F7A2AB40020347F /* BaseTableView.swift in Sources */ = {isa = PBXBuildFile; fileRef = 18EF9F1E1F7A2AB40020347F /* BaseTableView.swift */; };
		18EF9F211F7A2ACF0020347F /* BaseCollectionView.swift in Sources */ = {isa = PBXBuildFile; fileRef = 18EF9F201F7A2ACF0020347F /* BaseCollectionView.swift */; };
		18EF9F231F7A2C9D0020347F /* HomeMainVC.swift in Sources */ = {isa = PBXBuildFile; fileRef = 18EF9F221F7A2C9D0020347F /* HomeMainVC.swift */; };
		5EB9B5147F22A1756A163CD2 /* Pods_CompanyProjectSwift.framework in Frameworks */ = {isa = PBXBuildFile; fileRef = 021FD9B36E8771BBE9D07C32 /* Pods_CompanyProjectSwift.framework */; };
		F171191923573E020045C8F6 /* UserInfoModel.swift in Sources */ = {isa = PBXBuildFile; fileRef = F171191823573E020045C8F6 /* UserInfoModel.swift */; };
		F171191B23574BA50045C8F6 /* ApiResultModel.swift in Sources */ = {isa = PBXBuildFile; fileRef = F171191A23574BA50045C8F6 /* ApiResultModel.swift */; };
		F171191E23574C7E0045C8F6 /* CustomNavigationBar.swift in Sources */ = {isa = PBXBuildFile; fileRef = F171191D23574C7E0045C8F6 /* CustomNavigationBar.swift */; };
		F1711977236421010045C8F6 /* OrderInfoModel.swift in Sources */ = {isa = PBXBuildFile; fileRef = F1711976236421010045C8F6 /* OrderInfoModel.swift */; };
		F186533C22A0F631002C3F92 /* Tool.m in Sources */ = {isa = PBXBuildFile; fileRef = F186533B22A0F631002C3F92 /* Tool.m */; };
		F1C2DF1722A104D600A59F3D /* Const.swift in Sources */ = {isa = PBXBuildFile; fileRef = F1C2DF1622A104D600A59F3D /* Const.swift */; };
/* End PBXBuildFile section */

/* Begin PBXContainerItemProxy section */
		18EF9ED61F7A259D0020347F /* PBXContainerItemProxy */ = {
			isa = PBXContainerItemProxy;
			containerPortal = 18EF9EB91F7A259D0020347F /* Project object */;
			proxyType = 1;
			remoteGlobalIDString = 18EF9EC01F7A259D0020347F;
			remoteInfo = CompanyProjectSwift;
		};
		18EF9EE11F7A259D0020347F /* PBXContainerItemProxy */ = {
			isa = PBXContainerItemProxy;
			containerPortal = 18EF9EB91F7A259D0020347F /* Project object */;
			proxyType = 1;
			remoteGlobalIDString = 18EF9EC01F7A259D0020347F;
			remoteInfo = CompanyProjectSwift;
		};
/* End PBXContainerItemProxy section */

/* Begin PBXFileReference section */
		021FD9B36E8771BBE9D07C32 /* Pods_CompanyProjectSwift.framework */ = {isa = PBXFileReference; explicitFileType = wrapper.framework; includeInIndex = 0; path = Pods_CompanyProjectSwift.framework; sourceTree = BUILT_PRODUCTS_DIR; };
		032417E5204D41EB0009741C /* ProductCategoryMainView.swift */ = {isa = PBXFileReference; lastKnownFileType = sourcecode.swift; path = ProductCategoryMainView.swift; sourceTree = "<group>"; };
		032417E8204D47120009741C /* ShoppingCartMainView.swift */ = {isa = PBXFileReference; lastKnownFileType = sourcecode.swift; path = ShoppingCartMainView.swift; sourceTree = "<group>"; };
		032DCDE11FD8F39C00A4F8EF /* PersonalViewController.swift */ = {isa = PBXFileReference; lastKnownFileType = sourcecode.swift; path = PersonalViewController.swift; sourceTree = "<group>"; };
		032DCDE31FD8F3BB00A4F8EF /* LoginViewController.swift */ = {isa = PBXFileReference; lastKnownFileType = sourcecode.swift; path = LoginViewController.swift; sourceTree = "<group>"; };
		032DCDE51FD8F3CB00A4F8EF /* RegisterViewController.swift */ = {isa = PBXFileReference; lastKnownFileType = sourcecode.swift; path = RegisterViewController.swift; sourceTree = "<group>"; };
		032DCDEB1FD8F3ED00A4F8EF /* ForgotViewController.swift */ = {isa = PBXFileReference; lastKnownFileType = sourcecode.swift; path = ForgotViewController.swift; sourceTree = "<group>"; };
		032DCDF91FD8F48500A4F8EF /* ProductCategoryViewController.swift */ = {isa = PBXFileReference; lastKnownFileType = sourcecode.swift; path = ProductCategoryViewController.swift; sourceTree = "<group>"; };
		032DCDFB1FD8F49300A4F8EF /* ShoppingMainViewController.swift */ = {isa = PBXFileReference; lastKnownFileType = sourcecode.swift; path = ShoppingMainViewController.swift; sourceTree = "<group>"; };
		032DCDFD1FD9145500A4F8EF /* Login.storyboard */ = {isa = PBXFileReference; lastKnownFileType = file.storyboard; path = Login.storyboard; sourceTree = "<group>"; };
		034A18291FFB352B00603CED /* LoginView.swift */ = {isa = PBXFileReference; lastKnownFileType = sourcecode.swift; path = LoginView.swift; sourceTree = "<group>"; };
		034A182B1FFB3ABD00603CED /* LoginVM.swift */ = {isa = PBXFileReference; lastKnownFileType = sourcecode.swift; name = LoginVM.swift; path = CompanyProjectSwift/Classes/Login/ViewModel/LoginVM.swift; sourceTree = SOURCE_ROOT; };
		034CF83A201586BE00133858 /* PersonalMainModel.swift */ = {isa = PBXFileReference; lastKnownFileType = sourcecode.swift; path = PersonalMainModel.swift; sourceTree = "<group>"; };
		034CF83C201586EE00133858 /* PersonalMainView.swift */ = {isa = PBXFileReference; lastKnownFileType = sourcecode.swift; path = PersonalMainView.swift; sourceTree = "<group>"; };
		034CF83E201586FE00133858 /* PersonalMainVM.swift */ = {isa = PBXFileReference; lastKnownFileType = sourcecode.swift; path = PersonalMainVM.swift; sourceTree = "<group>"; };
		036EB9EC1FD29D060067A3C0 /* BaseView.swift */ = {isa = PBXFileReference; lastKnownFileType = sourcecode.swift; path = BaseView.swift; sourceTree = "<group>"; };
		036EB9EE1FD29D350067A3C0 /* BaseModel.swift */ = {isa = PBXFileReference; lastKnownFileType = sourcecode.swift; path = BaseModel.swift; sourceTree = "<group>"; };
		036EB9F01FD29D4E0067A3C0 /* BaseViewModel.swift */ = {isa = PBXFileReference; lastKnownFileType = sourcecode.swift; path = BaseViewModel.swift; sourceTree = "<group>"; };
		036EB9F21FD29D740067A3C0 /* BaseTableViewCell.swift */ = {isa = PBXFileReference; lastKnownFileType = sourcecode.swift; path = BaseTableViewCell.swift; sourceTree = "<group>"; };
		036EB9F41FD29D940067A3C0 /* BaseTableViewHeaderFooterView.swift */ = {isa = PBXFileReference; lastKnownFileType = sourcecode.swift; path = BaseTableViewHeaderFooterView.swift; sourceTree = "<group>"; };
		036EB9F61FD29DA70067A3C0 /* BaseCollectionViewCell.swift */ = {isa = PBXFileReference; lastKnownFileType = sourcecode.swift; path = BaseCollectionViewCell.swift; sourceTree = "<group>"; };
		036EB9F81FD29DC40067A3C0 /* BaseButton.swift */ = {isa = PBXFileReference; lastKnownFileType = sourcecode.swift; path = BaseButton.swift; sourceTree = "<group>"; };
		036EB9FB1FD29E130067A3C0 /* appIcon@2x.png */ = {isa = PBXFileReference; lastKnownFileType = image.png; path = "appIcon@2x.png"; sourceTree = "<group>"; };
		036EB9FC1FD29E130067A3C0 /* appIcon@3x.png */ = {isa = PBXFileReference; lastKnownFileType = image.png; path = "appIcon@3x.png"; sourceTree = "<group>"; };
		036EBA601FD2AE680067A3C0 /* HomeDetailView.swift */ = {isa = PBXFileReference; lastKnownFileType = sourcecode.swift; path = HomeDetailView.swift; sourceTree = "<group>"; };
		183599931F7A33FB00DA6114 /* HomeMainView.swift */ = {isa = PBXFileReference; lastKnownFileType = sourcecode.swift; path = HomeMainView.swift; sourceTree = "<group>"; };
		186A733F1F7CC5CA006A836F /* HomeDetailVC.swift */ = {isa = PBXFileReference; lastKnownFileType = sourcecode.swift; path = HomeDetailVC.swift; sourceTree = "<group>"; };
		18EF9EC11F7A259D0020347F /* 蓝牙连接器.app */ = {isa = PBXFileReference; explicitFileType = wrapper.application; includeInIndex = 0; path = "蓝牙连接器.app"; sourceTree = BUILT_PRODUCTS_DIR; };
		18EF9EC41F7A259D0020347F /* AppDelegate.swift */ = {isa = PBXFileReference; lastKnownFileType = sourcecode.swift; path = AppDelegate.swift; sourceTree = "<group>"; };
		18EF9EC91F7A259D0020347F /* Base */ = {isa = PBXFileReference; lastKnownFileType = file.storyboard; name = Base; path = Base.lproj/Main.storyboard; sourceTree = "<group>"; };
		18EF9ECB1F7A259D0020347F /* Assets.xcassets */ = {isa = PBXFileReference; lastKnownFileType = folder.assetcatalog; path = Assets.xcassets; sourceTree = "<group>"; };
		18EF9ECE1F7A259D0020347F /* Base */ = {isa = PBXFileReference; lastKnownFileType = file.storyboard; name = Base; path = Base.lproj/LaunchScreen.storyboard; sourceTree = "<group>"; };
		18EF9ED01F7A259D0020347F /* Info.plist */ = {isa = PBXFileReference; lastKnownFileType = text.plist.xml; path = Info.plist; sourceTree = "<group>"; };
		18EF9ED51F7A259D0020347F /* CompanyProjectSwiftTests.xctest */ = {isa = PBXFileReference; explicitFileType = wrapper.cfbundle; includeInIndex = 0; path = CompanyProjectSwiftTests.xctest; sourceTree = BUILT_PRODUCTS_DIR; };
		18EF9ED91F7A259D0020347F /* CompanyProjectSwiftTests.swift */ = {isa = PBXFileReference; lastKnownFileType = sourcecode.swift; path = CompanyProjectSwiftTests.swift; sourceTree = "<group>"; };
		18EF9EDB1F7A259D0020347F /* Info.plist */ = {isa = PBXFileReference; lastKnownFileType = text.plist.xml; path = Info.plist; sourceTree = "<group>"; };
		18EF9EE01F7A259D0020347F /* CompanyProjectSwiftUITests.xctest */ = {isa = PBXFileReference; explicitFileType = wrapper.cfbundle; includeInIndex = 0; path = CompanyProjectSwiftUITests.xctest; sourceTree = BUILT_PRODUCTS_DIR; };
		18EF9EE41F7A259D0020347F /* CompanyProjectSwiftUITests.swift */ = {isa = PBXFileReference; lastKnownFileType = sourcecode.swift; path = CompanyProjectSwiftUITests.swift; sourceTree = "<group>"; };
		18EF9EE61F7A259D0020347F /* Info.plist */ = {isa = PBXFileReference; lastKnownFileType = text.plist.xml; path = Info.plist; sourceTree = "<group>"; };
		18EF9F061F7A28430020347F /* BaseViewController.swift */ = {isa = PBXFileReference; lastKnownFileType = sourcecode.swift; path = BaseViewController.swift; sourceTree = "<group>"; };
		18EF9F081F7A288B0020347F /* BaseNavigationController.swift */ = {isa = PBXFileReference; lastKnownFileType = sourcecode.swift; path = BaseNavigationController.swift; sourceTree = "<group>"; };
		18EF9F1E1F7A2AB40020347F /* BaseTableView.swift */ = {isa = PBXFileReference; lastKnownFileType = sourcecode.swift; path = BaseTableView.swift; sourceTree = "<group>"; };
		18EF9F201F7A2ACF0020347F /* BaseCollectionView.swift */ = {isa = PBXFileReference; lastKnownFileType = sourcecode.swift; path = BaseCollectionView.swift; sourceTree = "<group>"; };
		18EF9F221F7A2C9D0020347F /* HomeMainVC.swift */ = {isa = PBXFileReference; lastKnownFileType = sourcecode.swift; path = HomeMainVC.swift; sourceTree = "<group>"; };
		2F86D7149D5339CAA07D11CD /* Pods-CompanyProjectSwift.release.xcconfig */ = {isa = PBXFileReference; includeInIndex = 1; lastKnownFileType = text.xcconfig; name = "Pods-CompanyProjectSwift.release.xcconfig"; path = "Pods/Target Support Files/Pods-CompanyProjectSwift/Pods-CompanyProjectSwift.release.xcconfig"; sourceTree = "<group>"; };
		74D7A21B5E3AF477FFB32A9A /* Pods-CompanyProjectSwift.debug.xcconfig */ = {isa = PBXFileReference; includeInIndex = 1; lastKnownFileType = text.xcconfig; name = "Pods-CompanyProjectSwift.debug.xcconfig"; path = "Pods/Target Support Files/Pods-CompanyProjectSwift/Pods-CompanyProjectSwift.debug.xcconfig"; sourceTree = "<group>"; };
		F171191823573E020045C8F6 /* UserInfoModel.swift */ = {isa = PBXFileReference; lastKnownFileType = sourcecode.swift; path = UserInfoModel.swift; sourceTree = "<group>"; };
		F171191A23574BA50045C8F6 /* ApiResultModel.swift */ = {isa = PBXFileReference; lastKnownFileType = sourcecode.swift; path = ApiResultModel.swift; sourceTree = "<group>"; };
		F171191D23574C7E0045C8F6 /* CustomNavigationBar.swift */ = {isa = PBXFileReference; lastKnownFileType = sourcecode.swift; path = CustomNavigationBar.swift; sourceTree = "<group>"; };
		F1711976236421010045C8F6 /* OrderInfoModel.swift */ = {isa = PBXFileReference; lastKnownFileType = sourcecode.swift; path = OrderInfoModel.swift; sourceTree = "<group>"; };
		F186533922A0F631002C3F92 /* CompanyProjectSwift-Bridging-Header.h */ = {isa = PBXFileReference; lastKnownFileType = sourcecode.c.h; path = "CompanyProjectSwift-Bridging-Header.h"; sourceTree = "<group>"; };
		F186533A22A0F631002C3F92 /* Tool.h */ = {isa = PBXFileReference; lastKnownFileType = sourcecode.c.h; path = Tool.h; sourceTree = "<group>"; };
		F186533B22A0F631002C3F92 /* Tool.m */ = {isa = PBXFileReference; lastKnownFileType = sourcecode.c.objc; path = Tool.m; sourceTree = "<group>"; };
		F1C2DF1622A104D600A59F3D /* Const.swift */ = {isa = PBXFileReference; fileEncoding = 4; lastKnownFileType = sourcecode.swift; path = Const.swift; sourceTree = "<group>"; };
/* End PBXFileReference section */

/* Begin PBXFrameworksBuildPhase section */
		18EF9EBE1F7A259D0020347F /* Frameworks */ = {
			isa = PBXFrameworksBuildPhase;
			buildActionMask = 2147483647;
			files = (
				5EB9B5147F22A1756A163CD2 /* Pods_CompanyProjectSwift.framework in Frameworks */,
			);
			runOnlyForDeploymentPostprocessing = 0;
		};
		18EF9ED21F7A259D0020347F /* Frameworks */ = {
			isa = PBXFrameworksBuildPhase;
			buildActionMask = 2147483647;
			files = (
			);
			runOnlyForDeploymentPostprocessing = 0;
		};
		18EF9EDD1F7A259D0020347F /* Frameworks */ = {
			isa = PBXFrameworksBuildPhase;
			buildActionMask = 2147483647;
			files = (
			);
			runOnlyForDeploymentPostprocessing = 0;
		};
/* End PBXFrameworksBuildPhase section */

/* Begin PBXGroup section */
		032417E7204D425B0009741C /* PersonalSetting */ = {
			isa = PBXGroup;
			children = (
			);
			path = PersonalSetting;
			sourceTree = "<group>";
		};
		032DCDE71FD8F3D200A4F8EF /* Controller */ = {
			isa = PBXGroup;
			children = (
				032DCDEB1FD8F3ED00A4F8EF /* ForgotViewController.swift */,
			);
			path = Controller;
			sourceTree = "<group>";
		};
		032DCDE81FD8F3D800A4F8EF /* ViewModel */ = {
			isa = PBXGroup;
			children = (
			);
			path = ViewModel;
			sourceTree = "<group>";
		};
		032DCDE91FD8F3DD00A4F8EF /* View */ = {
			isa = PBXGroup;
			children = (
			);
			path = View;
			sourceTree = "<group>";
		};
		032DCDEA1FD8F3E200A4F8EF /* Model */ = {
			isa = PBXGroup;
			children = (
			);
			path = Model;
			sourceTree = "<group>";
		};
		032DCDED1FD8F3FB00A4F8EF /* ProductCategory */ = {
			isa = PBXGroup;
			children = (
				032DCDF81FD8F46C00A4F8EF /* Models */,
				032DCDF71FD8F46700A4F8EF /* Views */,
				032DCDF61FD8F46000A4F8EF /* ViewModel */,
				032DCDF51FD8F45200A4F8EF /* Controllers */,
			);
			path = ProductCategory;
			sourceTree = "<group>";
		};
		032DCDEE1FD8F41100A4F8EF /* ShoppingCart */ = {
			isa = PBXGroup;
			children = (
				032DCDEF1FD8F42300A4F8EF /* ShoppingMain */,
				032DCDF01FD8F42E00A4F8EF /* ShoppingDetail */,
			);
			path = ShoppingCart;
			sourceTree = "<group>";
		};
		032DCDEF1FD8F42300A4F8EF /* ShoppingMain */ = {
			isa = PBXGroup;
			children = (
				032DCDF41FD8F44A00A4F8EF /* Models */,
				032DCDF31FD8F44500A4F8EF /* Views */,
				032DCDF21FD8F43E00A4F8EF /* ViewModel */,
				032DCDF11FD8F43800A4F8EF /* Controller */,
			);
			path = ShoppingMain;
			sourceTree = "<group>";
		};
		032DCDF01FD8F42E00A4F8EF /* ShoppingDetail */ = {
			isa = PBXGroup;
			children = (
			);
			path = ShoppingDetail;
			sourceTree = "<group>";
		};
		032DCDF11FD8F43800A4F8EF /* Controller */ = {
			isa = PBXGroup;
			children = (
				032DCDFB1FD8F49300A4F8EF /* ShoppingMainViewController.swift */,
			);
			path = Controller;
			sourceTree = "<group>";
		};
		032DCDF21FD8F43E00A4F8EF /* ViewModel */ = {
			isa = PBXGroup;
			children = (
			);
			path = ViewModel;
			sourceTree = "<group>";
		};
		032DCDF31FD8F44500A4F8EF /* Views */ = {
			isa = PBXGroup;
			children = (
				032417E8204D47120009741C /* ShoppingCartMainView.swift */,
			);
			path = Views;
			sourceTree = "<group>";
		};
		032DCDF41FD8F44A00A4F8EF /* Models */ = {
			isa = PBXGroup;
			children = (
			);
			path = Models;
			sourceTree = "<group>";
		};
		032DCDF51FD8F45200A4F8EF /* Controllers */ = {
			isa = PBXGroup;
			children = (
				032DCDF91FD8F48500A4F8EF /* ProductCategoryViewController.swift */,
			);
			path = Controllers;
			sourceTree = "<group>";
		};
		032DCDF61FD8F46000A4F8EF /* ViewModel */ = {
			isa = PBXGroup;
			children = (
			);
			path = ViewModel;
			sourceTree = "<group>";
		};
		032DCDF71FD8F46700A4F8EF /* Views */ = {
			isa = PBXGroup;
			children = (
				032417E5204D41EB0009741C /* ProductCategoryMainView.swift */,
			);
			path = Views;
			sourceTree = "<group>";
		};
		032DCDF81FD8F46C00A4F8EF /* Models */ = {
			isa = PBXGroup;
			children = (
			);
			path = Models;
			sourceTree = "<group>";
		};
		034CF8372015809F00133858 /* Model */ = {
			isa = PBXGroup;
			children = (
				034CF83A201586BE00133858 /* PersonalMainModel.swift */,
			);
			path = Model;
			sourceTree = "<group>";
		};
		036EB9FA1FD29E130067A3C0 /* AppIcon */ = {
			isa = PBXGroup;
			children = (
				036EB9FB1FD29E130067A3C0 /* appIcon@2x.png */,
				036EB9FC1FD29E130067A3C0 /* appIcon@3x.png */,
			);
			path = AppIcon;
			sourceTree = "<group>";
		};
		186A733A1F7CC514006A836F /* HomeDetail */ = {
			isa = PBXGroup;
			children = (
				186A733E1F7CC549006A836F /* Model */,
				186A733D1F7CC534006A836F /* View */,
				186A733C1F7CC52D006A836F /* ViewModel */,
				186A733B1F7CC526006A836F /* Controller */,
			);
			path = HomeDetail;
			sourceTree = "<group>";
		};
		186A733B1F7CC526006A836F /* Controller */ = {
			isa = PBXGroup;
			children = (
				186A733F1F7CC5CA006A836F /* HomeDetailVC.swift */,
			);
			path = Controller;
			sourceTree = "<group>";
		};
		186A733C1F7CC52D006A836F /* ViewModel */ = {
			isa = PBXGroup;
			children = (
			);
			path = ViewModel;
			sourceTree = "<group>";
		};
		186A733D1F7CC534006A836F /* View */ = {
			isa = PBXGroup;
			children = (
				036EBA601FD2AE680067A3C0 /* HomeDetailView.swift */,
			);
			path = View;
			sourceTree = "<group>";
		};
		186A733E1F7CC549006A836F /* Model */ = {
			isa = PBXGroup;
			children = (
			);
			path = Model;
			sourceTree = "<group>";
		};
		18EF9EB81F7A259D0020347F = {
			isa = PBXGroup;
			children = (
				18EF9EC31F7A259D0020347F /* CompanyProjectSwift */,
				18EF9ED81F7A259D0020347F /* CompanyProjectSwiftTests */,
				18EF9EE31F7A259D0020347F /* CompanyProjectSwiftUITests */,
				18EF9EC21F7A259D0020347F /* Products */,
				FBECC89D4D47739A53BCA631 /* Pods */,
				F2EA91C568D36A2E8B7842EC /* Frameworks */,
			);
			sourceTree = "<group>";
		};
		18EF9EC21F7A259D0020347F /* Products */ = {
			isa = PBXGroup;
			children = (
				18EF9EC11F7A259D0020347F /* 蓝牙连接器.app */,
				18EF9ED51F7A259D0020347F /* CompanyProjectSwiftTests.xctest */,
				18EF9EE01F7A259D0020347F /* CompanyProjectSwiftUITests.xctest */,
			);
			name = Products;
			sourceTree = "<group>";
		};
		18EF9EC31F7A259D0020347F /* CompanyProjectSwift */ = {
			isa = PBXGroup;
			children = (
				18EF9EF21F7A25FE0020347F /* Classes */,
			);
			path = CompanyProjectSwift;
			sourceTree = "<group>";
		};
		18EF9ED81F7A259D0020347F /* CompanyProjectSwiftTests */ = {
			isa = PBXGroup;
			children = (
				18EF9ED91F7A259D0020347F /* CompanyProjectSwiftTests.swift */,
				18EF9EDB1F7A259D0020347F /* Info.plist */,
			);
			path = CompanyProjectSwiftTests;
			sourceTree = "<group>";
		};
		18EF9EE31F7A259D0020347F /* CompanyProjectSwiftUITests */ = {
			isa = PBXGroup;
			children = (
				18EF9EE41F7A259D0020347F /* CompanyProjectSwiftUITests.swift */,
				18EF9EE61F7A259D0020347F /* Info.plist */,
			);
			path = CompanyProjectSwiftUITests;
			sourceTree = "<group>";
		};
		18EF9EF21F7A25FE0020347F /* Classes */ = {
			isa = PBXGroup;
			children = (
				F171191723573BA50045C8F6 /* Common */,
				18EF9EF31F7A26220020347F /* Resources */,
				18EF9EF61F7A26690020347F /* Config */,
				18EF9F191F7A29EB0020347F /* Request */,
				18EF9EF91F7A26F40020347F /* Other */,
				18EF9EFA1F7A27130020347F /* Home */,
				032DCDED1FD8F3FB00A4F8EF /* ProductCategory */,
				032DCDEE1FD8F41100A4F8EF /* ShoppingCart */,
				18EF9EFB1F7A271E0020347F /* Personal */,
				18EF9EFC1F7A27480020347F /* Login */,
				18EF9EFD1F7A27580020347F /* Register */,
				18EF9F1D1F7A2A820020347F /* Forgot */,
				F186533822A0F61B002C3F92 /* Tools */,
				18EF9F1B1F7A2A410020347F /* Vendor */,
				18EF9F181F7A29BD0020347F /* Base */,
			);
			path = Classes;
			sourceTree = "<group>";
		};
		18EF9EF31F7A26220020347F /* Resources */ = {
			isa = PBXGroup;
			children = (
				18EF9EF41F7A263C0020347F /* Images */,
				18EF9EF51F7A26430020347F /* InterfaceBuilder */,
			);
			path = Resources;
			sourceTree = "<group>";
		};
		18EF9EF41F7A263C0020347F /* Images */ = {
			isa = PBXGroup;
			children = (
				036EB9FA1FD29E130067A3C0 /* AppIcon */,
			);
			path = Images;
			sourceTree = "<group>";
		};
		18EF9EF51F7A26430020347F /* InterfaceBuilder */ = {
			isa = PBXGroup;
			children = (
				18EF9EC81F7A259D0020347F /* Main.storyboard */,
				18EF9ECD1F7A259D0020347F /* LaunchScreen.storyboard */,
				032DCDFD1FD9145500A4F8EF /* Login.storyboard */,
			);
			path = InterfaceBuilder;
			sourceTree = "<group>";
		};
		18EF9EF61F7A26690020347F /* Config */ = {
			isa = PBXGroup;
			children = (
				F186533922A0F631002C3F92 /* CompanyProjectSwift-Bridging-Header.h */,
				F1C2DF1622A104D600A59F3D /* Const.swift */,
			);
			path = Config;
			sourceTree = "<group>";
		};
		18EF9EF91F7A26F40020347F /* Other */ = {
			isa = PBXGroup;
			children = (
				18EF9EC41F7A259D0020347F /* AppDelegate.swift */,
				18EF9ECB1F7A259D0020347F /* Assets.xcassets */,
				18EF9ED01F7A259D0020347F /* Info.plist */,
			);
			path = Other;
			sourceTree = "<group>";
		};
		18EF9EFA1F7A27130020347F /* Home */ = {
			isa = PBXGroup;
			children = (
				18EF9EFE1F7A276F0020347F /* HomeMain */,
				186A733A1F7CC514006A836F /* HomeDetail */,
			);
			path = Home;
			sourceTree = "<group>";
		};
		18EF9EFB1F7A271E0020347F /* Personal */ = {
			isa = PBXGroup;
			children = (
				18EF9F0A1F7A28D00020347F /* PersonalMain */,
				032417E7204D425B0009741C /* PersonalSetting */,
			);
			path = Personal;
			sourceTree = "<group>";
		};
		18EF9EFC1F7A27480020347F /* Login */ = {
			isa = PBXGroup;
			children = (
				18EF9F121F7A29240020347F /* Model */,
				18EF9F111F7A291F0020347F /* View */,
				18EF9F101F7A29190020347F /* ViewModel */,
				18EF9F0F1F7A29110020347F /* Controller */,
			);
			path = Login;
			sourceTree = "<group>";
		};
		18EF9EFD1F7A27580020347F /* Register */ = {
			isa = PBXGroup;
			children = (
				18EF9F161F7A29470020347F /* Model */,
				18EF9F151F7A293F0020347F /* View */,
				18EF9F141F7A293A0020347F /* ViewModel */,
				18EF9F131F7A29300020347F /* Controller */,
			);
			path = Register;
			sourceTree = "<group>";
		};
		18EF9EFE1F7A276F0020347F /* HomeMain */ = {
			isa = PBXGroup;
			children = (
				18EF9EFF1F7A277D0020347F /* Model */,
				18EF9F001F7A27880020347F /* View */,
				18EF9F011F7A278F0020347F /* ViewModel */,
				18EF9F021F7A27960020347F /* Controller */,
			);
			path = HomeMain;
			sourceTree = "<group>";
		};
		18EF9EFF1F7A277D0020347F /* Model */ = {
			isa = PBXGroup;
			children = (
			);
			path = Model;
			sourceTree = "<group>";
		};
		18EF9F001F7A27880020347F /* View */ = {
			isa = PBXGroup;
			children = (
				183599931F7A33FB00DA6114 /* HomeMainView.swift */,
			);
			path = View;
			sourceTree = "<group>";
		};
		18EF9F011F7A278F0020347F /* ViewModel */ = {
			isa = PBXGroup;
			children = (
			);
			path = ViewModel;
			sourceTree = "<group>";
		};
		18EF9F021F7A27960020347F /* Controller */ = {
			isa = PBXGroup;
			children = (
				18EF9F221F7A2C9D0020347F /* HomeMainVC.swift */,
			);
			path = Controller;
			sourceTree = "<group>";
		};
		18EF9F031F7A27F30020347F /* BaseControl */ = {
			isa = PBXGroup;
			children = (
				036EB9EE1FD29D350067A3C0 /* BaseModel.swift */,
				036EB9F01FD29D4E0067A3C0 /* BaseViewModel.swift */,
				036EB9EC1FD29D060067A3C0 /* BaseView.swift */,
				036EB9F41FD29D940067A3C0 /* BaseTableViewHeaderFooterView.swift */,
				036EB9F21FD29D740067A3C0 /* BaseTableViewCell.swift */,
				036EB9F61FD29DA70067A3C0 /* BaseCollectionViewCell.swift */,
				18EF9F1E1F7A2AB40020347F /* BaseTableView.swift */,
				18EF9F201F7A2ACF0020347F /* BaseCollectionView.swift */,
				18EF9F061F7A28430020347F /* BaseViewController.swift */,
				18EF9F081F7A288B0020347F /* BaseNavigationController.swift */,
				036EB9F81FD29DC40067A3C0 /* BaseButton.swift */,
			);
			path = BaseControl;
			sourceTree = "<group>";
		};
		18EF9F0A1F7A28D00020347F /* PersonalMain */ = {
			isa = PBXGroup;
			children = (
				034CF8372015809F00133858 /* Model */,
				18EF9F0D1F7A28F30020347F /* View */,
				18EF9F0C1F7A28E90020347F /* ViewModel */,
				18EF9F0B1F7A28E10020347F /* Controller */,
			);
			path = PersonalMain;
			sourceTree = "<group>";
		};
		18EF9F0B1F7A28E10020347F /* Controller */ = {
			isa = PBXGroup;
			children = (
				032DCDE11FD8F39C00A4F8EF /* PersonalViewController.swift */,
			);
			path = Controller;
			sourceTree = "<group>";
		};
		18EF9F0C1F7A28E90020347F /* ViewModel */ = {
			isa = PBXGroup;
			children = (
				034CF83E201586FE00133858 /* PersonalMainVM.swift */,
			);
			path = ViewModel;
			sourceTree = "<group>";
		};
		18EF9F0D1F7A28F30020347F /* View */ = {
			isa = PBXGroup;
			children = (
				034CF83C201586EE00133858 /* PersonalMainView.swift */,
			);
			path = View;
			sourceTree = "<group>";
		};
		18EF9F0F1F7A29110020347F /* Controller */ = {
			isa = PBXGroup;
			children = (
				032DCDE31FD8F3BB00A4F8EF /* LoginViewController.swift */,
			);
			path = Controller;
			sourceTree = "<group>";
		};
		18EF9F101F7A29190020347F /* ViewModel */ = {
			isa = PBXGroup;
			children = (
				034A182B1FFB3ABD00603CED /* LoginVM.swift */,
			);
			path = ViewModel;
			sourceTree = "<group>";
		};
		18EF9F111F7A291F0020347F /* View */ = {
			isa = PBXGroup;
			children = (
				034A18291FFB352B00603CED /* LoginView.swift */,
			);
			path = View;
			sourceTree = "<group>";
		};
		18EF9F121F7A29240020347F /* Model */ = {
			isa = PBXGroup;
			children = (
			);
			path = Model;
			sourceTree = "<group>";
		};
		18EF9F131F7A29300020347F /* Controller */ = {
			isa = PBXGroup;
			children = (
				032DCDE51FD8F3CB00A4F8EF /* RegisterViewController.swift */,
			);
			path = Controller;
			sourceTree = "<group>";
		};
		18EF9F141F7A293A0020347F /* ViewModel */ = {
			isa = PBXGroup;
			children = (
			);
			path = ViewModel;
			sourceTree = "<group>";
		};
		18EF9F151F7A293F0020347F /* View */ = {
			isa = PBXGroup;
			children = (
			);
			path = View;
			sourceTree = "<group>";
		};
		18EF9F161F7A29470020347F /* Model */ = {
			isa = PBXGroup;
			children = (
			);
			path = Model;
			sourceTree = "<group>";
		};
		18EF9F181F7A29BD0020347F /* Base */ = {
			isa = PBXGroup;
			children = (
				18EF9F031F7A27F30020347F /* BaseControl */,
			);
			path = Base;
			sourceTree = "<group>";
		};
		18EF9F191F7A29EB0020347F /* Request */ = {
			isa = PBXGroup;
			children = (
			);
			path = Request;
			sourceTree = "<group>";
		};
		18EF9F1B1F7A2A410020347F /* Vendor */ = {
			isa = PBXGroup;
			children = (
			);
			path = Vendor;
			sourceTree = "<group>";
		};
		18EF9F1D1F7A2A820020347F /* Forgot */ = {
			isa = PBXGroup;
			children = (
				032DCDEA1FD8F3E200A4F8EF /* Model */,
				032DCDE91FD8F3DD00A4F8EF /* View */,
				032DCDE81FD8F3D800A4F8EF /* ViewModel */,
				032DCDE71FD8F3D200A4F8EF /* Controller */,
			);
			path = Forgot;
			sourceTree = "<group>";
		};
		F171191723573BA50045C8F6 /* Common */ = {
			isa = PBXGroup;
			children = (
				F171191C23574C590045C8F6 /* VIews */,
				F171191823573E020045C8F6 /* UserInfoModel.swift */,
				F1711976236421010045C8F6 /* OrderInfoModel.swift */,
				F171191A23574BA50045C8F6 /* ApiResultModel.swift */,
			);
			path = Common;
			sourceTree = "<group>";
		};
		F171191C23574C590045C8F6 /* VIews */ = {
			isa = PBXGroup;
			children = (
				F171191D23574C7E0045C8F6 /* CustomNavigationBar.swift */,
			);
			path = VIews;
			sourceTree = "<group>";
		};
		F186533822A0F61B002C3F92 /* Tools */ = {
			isa = PBXGroup;
			children = (
				F186533A22A0F631002C3F92 /* Tool.h */,
				F186533B22A0F631002C3F92 /* Tool.m */,
			);
			path = Tools;
			sourceTree = "<group>";
		};
		F2EA91C568D36A2E8B7842EC /* Frameworks */ = {
			isa = PBXGroup;
			children = (
				021FD9B36E8771BBE9D07C32 /* Pods_CompanyProjectSwift.framework */,
			);
			name = Frameworks;
			sourceTree = "<group>";
		};
		FBECC89D4D47739A53BCA631 /* Pods */ = {
			isa = PBXGroup;
			children = (
				74D7A21B5E3AF477FFB32A9A /* Pods-CompanyProjectSwift.debug.xcconfig */,
				2F86D7149D5339CAA07D11CD /* Pods-CompanyProjectSwift.release.xcconfig */,
			);
			name = Pods;
			sourceTree = "<group>";
		};
/* End PBXGroup section */

/* Begin PBXNativeTarget section */
		18EF9EC01F7A259D0020347F /* CompanyProjectSwift */ = {
			isa = PBXNativeTarget;
			buildConfigurationList = 18EF9EE91F7A259D0020347F /* Build configuration list for PBXNativeTarget "CompanyProjectSwift" */;
			buildPhases = (
				2811D0841FB3CD353149F05B /* [CP] Check Pods Manifest.lock */,
				18EF9EBD1F7A259D0020347F /* Sources */,
				18EF9EBE1F7A259D0020347F /* Frameworks */,
				18EF9EBF1F7A259D0020347F /* Resources */,
				DB57D47E32969704EA1D70E7 /* [CP] Embed Pods Frameworks */,
			);
			buildRules = (
			);
			dependencies = (
			);
			name = CompanyProjectSwift;
			productName = CompanyProjectSwift;
			productReference = 18EF9EC11F7A259D0020347F /* 蓝牙连接器.app */;
			productType = "com.apple.product-type.application";
		};
		18EF9ED41F7A259D0020347F /* CompanyProjectSwiftTests */ = {
			isa = PBXNativeTarget;
			buildConfigurationList = 18EF9EEC1F7A259D0020347F /* Build configuration list for PBXNativeTarget "CompanyProjectSwiftTests" */;
			buildPhases = (
				18EF9ED11F7A259D0020347F /* Sources */,
				18EF9ED21F7A259D0020347F /* Frameworks */,
				18EF9ED31F7A259D0020347F /* Resources */,
			);
			buildRules = (
			);
			dependencies = (
				18EF9ED71F7A259D0020347F /* PBXTargetDependency */,
			);
			name = CompanyProjectSwiftTests;
			productName = CompanyProjectSwiftTests;
			productReference = 18EF9ED51F7A259D0020347F /* CompanyProjectSwiftTests.xctest */;
			productType = "com.apple.product-type.bundle.unit-test";
		};
		18EF9EDF1F7A259D0020347F /* CompanyProjectSwiftUITests */ = {
			isa = PBXNativeTarget;
			buildConfigurationList = 18EF9EEF1F7A259D0020347F /* Build configuration list for PBXNativeTarget "CompanyProjectSwiftUITests" */;
			buildPhases = (
				18EF9EDC1F7A259D0020347F /* Sources */,
				18EF9EDD1F7A259D0020347F /* Frameworks */,
				18EF9EDE1F7A259D0020347F /* Resources */,
			);
			buildRules = (
			);
			dependencies = (
				18EF9EE21F7A259D0020347F /* PBXTargetDependency */,
			);
			name = CompanyProjectSwiftUITests;
			productName = CompanyProjectSwiftUITests;
			productReference = 18EF9EE01F7A259D0020347F /* CompanyProjectSwiftUITests.xctest */;
			productType = "com.apple.product-type.bundle.ui-testing";
		};
/* End PBXNativeTarget section */

/* Begin PBXProject section */
		18EF9EB91F7A259D0020347F /* Project object */ = {
			isa = PBXProject;
			attributes = {
				LastSwiftUpdateCheck = 0900;
				LastUpgradeCheck = 0900;
				ORGANIZATIONNAME = LIZHAO;
				TargetAttributes = {
					18EF9EC01F7A259D0020347F = {
						CreatedOnToolsVersion = 9.0;
						LastSwiftMigration = 1020;
						ProvisioningStyle = Automatic;
					};
					18EF9ED41F7A259D0020347F = {
						CreatedOnToolsVersion = 9.0;
						ProvisioningStyle = Automatic;
						TestTargetID = 18EF9EC01F7A259D0020347F;
					};
					18EF9EDF1F7A259D0020347F = {
						CreatedOnToolsVersion = 9.0;
						ProvisioningStyle = Automatic;
						TestTargetID = 18EF9EC01F7A259D0020347F;
					};
				};
			};
			buildConfigurationList = 18EF9EBC1F7A259D0020347F /* Build configuration list for PBXProject "CompanyProjectSwift" */;
			compatibilityVersion = "Xcode 8.0";
			developmentRegion = en;
			hasScannedForEncodings = 0;
			knownRegions = (
				en,
				Base,
			);
			mainGroup = 18EF9EB81F7A259D0020347F;
			productRefGroup = 18EF9EC21F7A259D0020347F /* Products */;
			projectDirPath = "";
			projectRoot = "";
			targets = (
				18EF9EC01F7A259D0020347F /* CompanyProjectSwift */,
				18EF9ED41F7A259D0020347F /* CompanyProjectSwiftTests */,
				18EF9EDF1F7A259D0020347F /* CompanyProjectSwiftUITests */,
			);
		};
/* End PBXProject section */

/* Begin PBXResourcesBuildPhase section */
		18EF9EBF1F7A259D0020347F /* Resources */ = {
			isa = PBXResourcesBuildPhase;
			buildActionMask = 2147483647;
			files = (
				18EF9ECF1F7A259D0020347F /* LaunchScreen.storyboard in Resources */,
				036EB9FD1FD29E130067A3C0 /* appIcon@2x.png in Resources */,
				032DCDFE1FD9145500A4F8EF /* Login.storyboard in Resources */,
				036EB9FE1FD29E130067A3C0 /* appIcon@3x.png in Resources */,
				18EF9ECC1F7A259D0020347F /* Assets.xcassets in Resources */,
				18EF9ECA1F7A259D0020347F /* Main.storyboard in Resources */,
			);
			runOnlyForDeploymentPostprocessing = 0;
		};
		18EF9ED31F7A259D0020347F /* Resources */ = {
			isa = PBXResourcesBuildPhase;
			buildActionMask = 2147483647;
			files = (
			);
			runOnlyForDeploymentPostprocessing = 0;
		};
		18EF9EDE1F7A259D0020347F /* Resources */ = {
			isa = PBXResourcesBuildPhase;
			buildActionMask = 2147483647;
			files = (
			);
			runOnlyForDeploymentPostprocessing = 0;
		};
/* End PBXResourcesBuildPhase section */

/* Begin PBXShellScriptBuildPhase section */
		2811D0841FB3CD353149F05B /* [CP] Check Pods Manifest.lock */ = {
			isa = PBXShellScriptBuildPhase;
			buildActionMask = 2147483647;
			files = (
			);
			inputPaths = (
				"${PODS_PODFILE_DIR_PATH}/Podfile.lock",
				"${PODS_ROOT}/Manifest.lock",
			);
			name = "[CP] Check Pods Manifest.lock";
			outputPaths = (
				"$(DERIVED_FILE_DIR)/Pods-CompanyProjectSwift-checkManifestLockResult.txt",
			);
			runOnlyForDeploymentPostprocessing = 0;
			shellPath = /bin/sh;
			shellScript = "diff \"${PODS_PODFILE_DIR_PATH}/Podfile.lock\" \"${PODS_ROOT}/Manifest.lock\" > /dev/null\nif [ $? != 0 ] ; then\n    # print error to STDERR\n    echo \"error: The sandbox is not in sync with the Podfile.lock. Run 'pod install' or update your CocoaPods installation.\" >&2\n    exit 1\nfi\n# This output is used by Xcode 'outputs' to avoid re-running this script phase.\necho \"SUCCESS\" > \"${SCRIPT_OUTPUT_FILE_0}\"\n";
			showEnvVarsInLog = 0;
		};
		DB57D47E32969704EA1D70E7 /* [CP] Embed Pods Frameworks */ = {
			isa = PBXShellScriptBuildPhase;
			buildActionMask = 2147483647;
			files = (
			);
			inputPaths = (
				"${PODS_ROOT}/Target Support Files/Pods-CompanyProjectSwift/Pods-CompanyProjectSwift-frameworks.sh",
				"${BUILT_PRODUCTS_DIR}/Alamofire/Alamofire.framework",
				"${BUILT_PRODUCTS_DIR}/IQKeyboardManagerSwift/IQKeyboardManagerSwift.framework",
				"${BUILT_PRODUCTS_DIR}/RxSwift/RxSwift.framework",
				"${BUILT_PRODUCTS_DIR}/SnapKit/SnapKit.framework",
				"${BUILT_PRODUCTS_DIR}/SwiftyJSON/SwiftyJSON.framework",
			);
			name = "[CP] Embed Pods Frameworks";
			outputPaths = (
				"${TARGET_BUILD_DIR}/${FRAMEWORKS_FOLDER_PATH}/Alamofire.framework",
				"${TARGET_BUILD_DIR}/${FRAMEWORKS_FOLDER_PATH}/IQKeyboardManagerSwift.framework",
				"${TARGET_BUILD_DIR}/${FRAMEWORKS_FOLDER_PATH}/RxSwift.framework",
				"${TARGET_BUILD_DIR}/${FRAMEWORKS_FOLDER_PATH}/SnapKit.framework",
				"${TARGET_BUILD_DIR}/${FRAMEWORKS_FOLDER_PATH}/SwiftyJSON.framework",
			);
			runOnlyForDeploymentPostprocessing = 0;
			shellPath = /bin/sh;
			shellScript = "\"${PODS_ROOT}/Target Support Files/Pods-CompanyProjectSwift/Pods-CompanyProjectSwift-frameworks.sh\"\n";
			showEnvVarsInLog = 0;
		};
/* End PBXShellScriptBuildPhase section */

/* Begin PBXSourcesBuildPhase section */
		18EF9EBD1F7A259D0020347F /* Sources */ = {
			isa = PBXSourcesBuildPhase;
			buildActionMask = 2147483647;
			files = (
				032DCDE41FD8F3BB00A4F8EF /* LoginViewController.swift in Sources */,
				183599941F7A33FB00DA6114 /* HomeMainView.swift in Sources */,
				036EB9F91FD29DC40067A3C0 /* BaseButton.swift in Sources */,
				032DCDE21FD8F39C00A4F8EF /* PersonalViewController.swift in Sources */,
				F1C2DF1722A104D600A59F3D /* Const.swift in Sources */,
				034A182A1FFB352B00603CED /* LoginView.swift in Sources */,
				032DCDE61FD8F3CB00A4F8EF /* RegisterViewController.swift in Sources */,
				F1711977236421010045C8F6 /* OrderInfoModel.swift in Sources */,
				034CF83B201586BE00133858 /* PersonalMainModel.swift in Sources */,
				032417E6204D41EB0009741C /* ProductCategoryMainView.swift in Sources */,
				F171191B23574BA50045C8F6 /* ApiResultModel.swift in Sources */,
				036EB9F71FD29DA70067A3C0 /* BaseCollectionViewCell.swift in Sources */,
				F171191923573E020045C8F6 /* UserInfoModel.swift in Sources */,
				F171191E23574C7E0045C8F6 /* CustomNavigationBar.swift in Sources */,
				032DCDFC1FD8F49300A4F8EF /* ShoppingMainViewController.swift in Sources */,
				036EB9F11FD29D4E0067A3C0 /* BaseViewModel.swift in Sources */,
				18EF9F1F1F7A2AB40020347F /* BaseTableView.swift in Sources */,
				186A73401F7CC5CA006A836F /* HomeDetailVC.swift in Sources */,
				036EBA611FD2AE680067A3C0 /* HomeDetailView.swift in Sources */,
				032417E9204D47120009741C /* ShoppingCartMainView.swift in Sources */,
				036EB9F31FD29D740067A3C0 /* BaseTableViewCell.swift in Sources */,
				18EF9F091F7A288B0020347F /* BaseNavigationController.swift in Sources */,
				032DCDFA1FD8F48500A4F8EF /* ProductCategoryViewController.swift in Sources */,
				036EB9F51FD29D940067A3C0 /* BaseTableViewHeaderFooterView.swift in Sources */,
				F186533C22A0F631002C3F92 /* Tool.m in Sources */,
				034CF83F201586FE00133858 /* PersonalMainVM.swift in Sources */,
				034CF83D201586EE00133858 /* PersonalMainView.swift in Sources */,
				032DCDEC1FD8F3ED00A4F8EF /* ForgotViewController.swift in Sources */,
				036EB9EF1FD29D350067A3C0 /* BaseModel.swift in Sources */,
				18EF9EC51F7A259D0020347F /* AppDelegate.swift in Sources */,
				18EF9F071F7A28430020347F /* BaseViewController.swift in Sources */,
				034A182C1FFB3ABD00603CED /* LoginVM.swift in Sources */,
				036EB9ED1FD29D060067A3C0 /* BaseView.swift in Sources */,
				18EF9F231F7A2C9D0020347F /* HomeMainVC.swift in Sources */,
				18EF9F211F7A2ACF0020347F /* BaseCollectionView.swift in Sources */,
			);
			runOnlyForDeploymentPostprocessing = 0;
		};
		18EF9ED11F7A259D0020347F /* Sources */ = {
			isa = PBXSourcesBuildPhase;
			buildActionMask = 2147483647;
			files = (
				18EF9EDA1F7A259D0020347F /* CompanyProjectSwiftTests.swift in Sources */,
			);
			runOnlyForDeploymentPostprocessing = 0;
		};
		18EF9EDC1F7A259D0020347F /* Sources */ = {
			isa = PBXSourcesBuildPhase;
			buildActionMask = 2147483647;
			files = (
				18EF9EE51F7A259D0020347F /* CompanyProjectSwiftUITests.swift in Sources */,
			);
			runOnlyForDeploymentPostprocessing = 0;
		};
/* End PBXSourcesBuildPhase section */

/* Begin PBXTargetDependency section */
		18EF9ED71F7A259D0020347F /* PBXTargetDependency */ = {
			isa = PBXTargetDependency;
			target = 18EF9EC01F7A259D0020347F /* CompanyProjectSwift */;
			targetProxy = 18EF9ED61F7A259D0020347F /* PBXContainerItemProxy */;
		};
		18EF9EE21F7A259D0020347F /* PBXTargetDependency */ = {
			isa = PBXTargetDependency;
			target = 18EF9EC01F7A259D0020347F /* CompanyProjectSwift */;
			targetProxy = 18EF9EE11F7A259D0020347F /* PBXContainerItemProxy */;
		};
/* End PBXTargetDependency section */

/* Begin PBXVariantGroup section */
		18EF9EC81F7A259D0020347F /* Main.storyboard */ = {
			isa = PBXVariantGroup;
			children = (
				18EF9EC91F7A259D0020347F /* Base */,
			);
			name = Main.storyboard;
			sourceTree = "<group>";
		};
		18EF9ECD1F7A259D0020347F /* LaunchScreen.storyboard */ = {
			isa = PBXVariantGroup;
			children = (
				18EF9ECE1F7A259D0020347F /* Base */,
			);
			name = LaunchScreen.storyboard;
			sourceTree = "<group>";
		};
/* End PBXVariantGroup section */

/* Begin XCBuildConfiguration section */
		18EF9EE71F7A259D0020347F /* Debug */ = {
			isa = XCBuildConfiguration;
			buildSettings = {
				ALWAYS_SEARCH_USER_PATHS = NO;
				CLANG_ANALYZER_NONNULL = YES;
				CLANG_ANALYZER_NUMBER_OBJECT_CONVERSION = YES_AGGRESSIVE;
				CLANG_CXX_LANGUAGE_STANDARD = "gnu++14";
				CLANG_CXX_LIBRARY = "libc++";
				CLANG_ENABLE_MODULES = YES;
				CLANG_ENABLE_OBJC_ARC = YES;
				CLANG_WARN_BLOCK_CAPTURE_AUTORELEASING = YES;
				CLANG_WARN_BOOL_CONVERSION = YES;
				CLANG_WARN_COMMA = YES;
				CLANG_WARN_CONSTANT_CONVERSION = YES;
				CLANG_WARN_DIRECT_OBJC_ISA_USAGE = YES_ERROR;
				CLANG_WARN_DOCUMENTATION_COMMENTS = YES;
				CLANG_WARN_EMPTY_BODY = YES;
				CLANG_WARN_ENUM_CONVERSION = YES;
				CLANG_WARN_INFINITE_RECURSION = YES;
				CLANG_WARN_INT_CONVERSION = YES;
				CLANG_WARN_NON_LITERAL_NULL_CONVERSION = YES;
				CLANG_WARN_OBJC_LITERAL_CONVERSION = YES;
				CLANG_WARN_OBJC_ROOT_CLASS = YES_ERROR;
				CLANG_WARN_RANGE_LOOP_ANALYSIS = YES;
				CLANG_WARN_STRICT_PROTOTYPES = YES;
				CLANG_WARN_SUSPICIOUS_MOVE = YES;
				CLANG_WARN_UNGUARDED_AVAILABILITY = YES_AGGRESSIVE;
				CLANG_WARN_UNREACHABLE_CODE = YES;
				CLANG_WARN__DUPLICATE_METHOD_MATCH = YES;
				CODE_SIGN_IDENTITY = "iPhone Developer";
				COPY_PHASE_STRIP = NO;
				DEBUG_INFORMATION_FORMAT = dwarf;
				ENABLE_STRICT_OBJC_MSGSEND = YES;
				ENABLE_TESTABILITY = YES;
				GCC_C_LANGUAGE_STANDARD = gnu11;
				GCC_DYNAMIC_NO_PIC = NO;
				GCC_NO_COMMON_BLOCKS = YES;
				GCC_OPTIMIZATION_LEVEL = 0;
				GCC_PREPROCESSOR_DEFINITIONS = (
					"DEBUG=1",
					"$(inherited)",
				);
				GCC_WARN_64_TO_32_BIT_CONVERSION = YES;
				GCC_WARN_ABOUT_RETURN_TYPE = YES_ERROR;
				GCC_WARN_UNDECLARED_SELECTOR = YES;
				GCC_WARN_UNINITIALIZED_AUTOS = YES_AGGRESSIVE;
				GCC_WARN_UNUSED_FUNCTION = YES;
				GCC_WARN_UNUSED_VARIABLE = YES;
				IPHONEOS_DEPLOYMENT_TARGET = 11.0;
				MTL_ENABLE_DEBUG_INFO = YES;
				ONLY_ACTIVE_ARCH = YES;
				SDKROOT = iphoneos;
				SWIFT_ACTIVE_COMPILATION_CONDITIONS = DEBUG;
				SWIFT_OPTIMIZATION_LEVEL = "-Onone";
			};
			name = Debug;
		};
		18EF9EE81F7A259D0020347F /* Release */ = {
			isa = XCBuildConfiguration;
			buildSettings = {
				ALWAYS_SEARCH_USER_PATHS = NO;
				CLANG_ANALYZER_NONNULL = YES;
				CLANG_ANALYZER_NUMBER_OBJECT_CONVERSION = YES_AGGRESSIVE;
				CLANG_CXX_LANGUAGE_STANDARD = "gnu++14";
				CLANG_CXX_LIBRARY = "libc++";
				CLANG_ENABLE_MODULES = YES;
				CLANG_ENABLE_OBJC_ARC = YES;
				CLANG_WARN_BLOCK_CAPTURE_AUTORELEASING = YES;
				CLANG_WARN_BOOL_CONVERSION = YES;
				CLANG_WARN_COMMA = YES;
				CLANG_WARN_CONSTANT_CONVERSION = YES;
				CLANG_WARN_DIRECT_OBJC_ISA_USAGE = YES_ERROR;
				CLANG_WARN_DOCUMENTATION_COMMENTS = YES;
				CLANG_WARN_EMPTY_BODY = YES;
				CLANG_WARN_ENUM_CONVERSION = YES;
				CLANG_WARN_INFINITE_RECURSION = YES;
				CLANG_WARN_INT_CONVERSION = YES;
				CLANG_WARN_NON_LITERAL_NULL_CONVERSION = YES;
				CLANG_WARN_OBJC_LITERAL_CONVERSION = YES;
				CLANG_WARN_OBJC_ROOT_CLASS = YES_ERROR;
				CLANG_WARN_RANGE_LOOP_ANALYSIS = YES;
				CLANG_WARN_STRICT_PROTOTYPES = YES;
				CLANG_WARN_SUSPICIOUS_MOVE = YES;
				CLANG_WARN_UNGUARDED_AVAILABILITY = YES_AGGRESSIVE;
				CLANG_WARN_UNREACHABLE_CODE = YES;
				CLANG_WARN__DUPLICATE_METHOD_MATCH = YES;
				CODE_SIGN_IDENTITY = "iPhone Developer";
				COPY_PHASE_STRIP = NO;
				DEBUG_INFORMATION_FORMAT = "dwarf-with-dsym";
				ENABLE_NS_ASSERTIONS = NO;
				ENABLE_STRICT_OBJC_MSGSEND = YES;
				GCC_C_LANGUAGE_STANDARD = gnu11;
				GCC_NO_COMMON_BLOCKS = YES;
				GCC_WARN_64_TO_32_BIT_CONVERSION = YES;
				GCC_WARN_ABOUT_RETURN_TYPE = YES_ERROR;
				GCC_WARN_UNDECLARED_SELECTOR = YES;
				GCC_WARN_UNINITIALIZED_AUTOS = YES_AGGRESSIVE;
				GCC_WARN_UNUSED_FUNCTION = YES;
				GCC_WARN_UNUSED_VARIABLE = YES;
				IPHONEOS_DEPLOYMENT_TARGET = 11.0;
				MTL_ENABLE_DEBUG_INFO = NO;
				SDKROOT = iphoneos;
				SWIFT_OPTIMIZATION_LEVEL = "-Owholemodule";
				VALIDATE_PRODUCT = YES;
			};
			name = Release;
		};
		18EF9EEA1F7A259D0020347F /* Debug */ = {
			isa = XCBuildConfiguration;
			baseConfigurationReference = 74D7A21B5E3AF477FFB32A9A /* Pods-CompanyProjectSwift.debug.xcconfig */;
			buildSettings = {
				ASSETCATALOG_COMPILER_APPICON_NAME = AppIcon;
				CLANG_ENABLE_MODULES = YES;
				CODE_SIGN_STYLE = Automatic;
				DEFINES_MODULE = NO;
				GCC_PREFIX_HEADER = "";
				INFOPLIST_FILE = "$(SRCROOT)/CompanyProjectSwift/Classes/Other/Info.plist";
				LD_RUNPATH_SEARCH_PATHS = "$(inherited) @executable_path/Frameworks";
				PRODUCT_BUNDLE_IDENTIFIER = LIZHAO.CompanyProjectSwift;
				PRODUCT_NAME = "蓝牙连接器";
				SWIFT_OBJC_BRIDGING_HEADER = "/Users/lizhao/Desktop/GitHubProject/iOS项目/CompanyProjectSwift/CompanyProjectSwift/Classes/Config/CompanyProjectSwift-Bridging-Header.h";
				SWIFT_OPTIMIZATION_LEVEL = "-Onone";
				SWIFT_VERSION = 4.0;
				TARGETED_DEVICE_FAMILY = "1,2";
			};
			name = Debug;
		};
		18EF9EEB1F7A259D0020347F /* Release */ = {
			isa = XCBuildConfiguration;
			baseConfigurationReference = 2F86D7149D5339CAA07D11CD /* Pods-CompanyProjectSwift.release.xcconfig */;
			buildSettings = {
				ASSETCATALOG_COMPILER_APPICON_NAME = AppIcon;
				CLANG_ENABLE_MODULES = YES;
				CODE_SIGN_STYLE = Automatic;
				DEFINES_MODULE = NO;
				GCC_PREFIX_HEADER = "";
				INFOPLIST_FILE = "$(SRCROOT)/CompanyProjectSwift/Classes/Other/Info.plist";
				LD_RUNPATH_SEARCH_PATHS = "$(inherited) @executable_path/Frameworks";
				PRODUCT_BUNDLE_IDENTIFIER = LIZHAO.CompanyProjectSwift;
				PRODUCT_NAME = "蓝牙连接器";
				SWIFT_OBJC_BRIDGING_HEADER = "/Users/lizhao/Desktop/GitHubProject/iOS项目/CompanyProjectSwift/CompanyProjectSwift/Classes/Config/CompanyProjectSwift-Bridging-Header.h";
				SWIFT_VERSION = 4.0;
				TARGETED_DEVICE_FAMILY = "1,2";
			};
			name = Release;
		};
		18EF9EED1F7A259D0020347F /* Debug */ = {
			isa = XCBuildConfiguration;
			buildSettings = {
				ALWAYS_EMBED_SWIFT_STANDARD_LIBRARIES = YES;
				BUNDLE_LOADER = "$(TEST_HOST)";
				CODE_SIGN_STYLE = Automatic;
				INFOPLIST_FILE = CompanyProjectSwiftTests/Info.plist;
				LD_RUNPATH_SEARCH_PATHS = "$(inherited) @executable_path/Frameworks @loader_path/Frameworks";
				PRODUCT_BUNDLE_IDENTIFIER = LIZHAO.CompanyProjectSwiftTests;
				PRODUCT_NAME = "$(TARGET_NAME)";
				SWIFT_VERSION = 4.0;
				TARGETED_DEVICE_FAMILY = "1,2";
				TEST_HOST = "$(BUILT_PRODUCTS_DIR)/CompanyProjectSwift.app/CompanyProjectSwift";
			};
			name = Debug;
		};
		18EF9EEE1F7A259D0020347F /* Release */ = {
			isa = XCBuildConfiguration;
			buildSettings = {
				ALWAYS_EMBED_SWIFT_STANDARD_LIBRARIES = YES;
				BUNDLE_LOADER = "$(TEST_HOST)";
				CODE_SIGN_STYLE = Automatic;
				INFOPLIST_FILE = CompanyProjectSwiftTests/Info.plist;
				LD_RUNPATH_SEARCH_PATHS = "$(inherited) @executable_path/Frameworks @loader_path/Frameworks";
				PRODUCT_BUNDLE_IDENTIFIER = LIZHAO.CompanyProjectSwiftTests;
				PRODUCT_NAME = "$(TARGET_NAME)";
				SWIFT_VERSION = 4.0;
				TARGETED_DEVICE_FAMILY = "1,2";
				TEST_HOST = "$(BUILT_PRODUCTS_DIR)/CompanyProjectSwift.app/CompanyProjectSwift";
			};
			name = Release;
		};
		18EF9EF01F7A259D0020347F /* Debug */ = {
			isa = XCBuildConfiguration;
			buildSettings = {
				ALWAYS_EMBED_SWIFT_STANDARD_LIBRARIES = YES;
				CODE_SIGN_STYLE = Automatic;
				INFOPLIST_FILE = CompanyProjectSwiftUITests/Info.plist;
				LD_RUNPATH_SEARCH_PATHS = "$(inherited) @executable_path/Frameworks @loader_path/Frameworks";
				PRODUCT_BUNDLE_IDENTIFIER = LIZHAO.CompanyProjectSwiftUITests;
				PRODUCT_NAME = "$(TARGET_NAME)";
				SWIFT_VERSION = 4.0;
				TARGETED_DEVICE_FAMILY = "1,2";
				TEST_TARGET_NAME = CompanyProjectSwift;
			};
			name = Debug;
		};
		18EF9EF11F7A259D0020347F /* Release */ = {
			isa = XCBuildConfiguration;
			buildSettings = {
				ALWAYS_EMBED_SWIFT_STANDARD_LIBRARIES = YES;
				CODE_SIGN_STYLE = Automatic;
				INFOPLIST_FILE = CompanyProjectSwiftUITests/Info.plist;
				LD_RUNPATH_SEARCH_PATHS = "$(inherited) @executable_path/Frameworks @loader_path/Frameworks";
				PRODUCT_BUNDLE_IDENTIFIER = LIZHAO.CompanyProjectSwiftUITests;
				PRODUCT_NAME = "$(TARGET_NAME)";
				SWIFT_VERSION = 4.0;
				TARGETED_DEVICE_FAMILY = "1,2";
				TEST_TARGET_NAME = CompanyProjectSwift;
			};
			name = Release;
		};
/* End XCBuildConfiguration section */

/* Begin XCConfigurationList section */
		18EF9EBC1F7A259D0020347F /* Build configuration list for PBXProject "CompanyProjectSwift" */ = {
			isa = XCConfigurationList;
			buildConfigurations = (
				18EF9EE71F7A259D0020347F /* Debug */,
				18EF9EE81F7A259D0020347F /* Release */,
			);
			defaultConfigurationIsVisible = 0;
			defaultConfigurationName = Release;
		};
		18EF9EE91F7A259D0020347F /* Build configuration list for PBXNativeTarget "CompanyProjectSwift" */ = {
			isa = XCConfigurationList;
			buildConfigurations = (
				18EF9EEA1F7A259D0020347F /* Debug */,
				18EF9EEB1F7A259D0020347F /* Release */,
			);
			defaultConfigurationIsVisible = 0;
			defaultConfigurationName = Release;
		};
		18EF9EEC1F7A259D0020347F /* Build configuration list for PBXNativeTarget "CompanyProjectSwiftTests" */ = {
			isa = XCConfigurationList;
			buildConfigurations = (
				18EF9EED1F7A259D0020347F /* Debug */,
				18EF9EEE1F7A259D0020347F /* Release */,
			);
			defaultConfigurationIsVisible = 0;
			defaultConfigurationName = Release;
		};
		18EF9EEF1F7A259D0020347F /* Build configuration list for PBXNativeTarget "CompanyProjectSwiftUITests" */ = {
			isa = XCConfigurationList;
			buildConfigurations = (
				18EF9EF01F7A259D0020347F /* Debug */,
				18EF9EF11F7A259D0020347F /* Release */,
			);
			defaultConfigurationIsVisible = 0;
			defaultConfigurationName = Release;
		};
/* End XCConfigurationList section */
	};
	rootObject = 18EF9EB91F7A259D0020347F /* Project object */;
}
